
Microsoft Visual Studio Solution File, Format Version 12.00
# Visual Studio Version 17
VisualStudioVersion = 17.14.36930.0 d17.14
MinimumVisualStudioVersion = 10.0.40219.1
Project("{FAE04EC0-301F-11D3-BF4B-00C04F79EFBC}") = "Dow_gui", "Dow_gui\Dow_gui.csproj", "{0D75A66D-8E73-498D-8F25-02D59C15EDF8}"
EndProject
Global
	GlobalSection(SolutionConfigurationPlatforms) = preSolution
		Debug|Any CPU = Debug|Any CPU
		Release|Any CPU = Release|Any CPU
	EndGlobalSection
	GlobalSection(ProjectConfigurationPlatforms) = postSolution
		{0D75A66D-8E73-498D-8F25-02D59C15EDF8}.Debug|Any CPU.ActiveCfg = Debug|Any CPU
		{0D75A66D-8E73-498D-8F25-02D59C15EDF8}.Debug|Any CPU.Build.0 = Debug|Any CPU
		{0D75A66D-8E73-498D-8F25-02D59C15EDF8}.Release|Any CPU.ActiveCfg = Release|Any CPU
		{0D75A66D-8E73-498D-8F25-02D59C15EDF8}.Release|Any CPU.Build.0 = Release|Any CPU
	EndGlobalSection
	GlobalSection(SolutionProperties) = preSolution
		HideSolutionNode = FALSE
	EndGlobalSection
	GlobalSection(ExtensibilityGlobals) = postSolution
		SolutionGuid = {D310EB9C-31D3-48A1-99CD-9809E99DC3C7}
	EndGlobalSection
EndGlobal
